
Microsoft Visual Studio Solution File, Format Version 12.00
# Visual Studio 14
VisualStudioVersion = 14.0.25420.1
MinimumVisualStudioVersion = 10.0.40219.1
Project("{FAE04EC0-301F-11D3-BF4B-00C04F79EFBC}") = "SliderDemo", "SliderDemo\SliderDemo\SliderDemo.csproj", "{08CC3055-E646-4C8D-8CB1-1649CCCB1D65}"
EndProject
Project("{FAE04EC0-301F-11D3-BF4B-00C04F79EFBC}") = "SliderDemo.Droid", "SliderDemo\SliderDemo.Droid\SliderDemo.Droid.csproj", "{75CD7A82-1575-46AA-91BE-2D4B781F24AE}"
EndProject
Project("{FAE04EC0-301F-11D3-BF4B-00C04F79EFBC}") = "SliderDemo.iOS", "SliderDemo\SliderDemo.iOS\SliderDemo.iOS.csproj", "{97439C22-166D-4A24-ABB3-A459B5AD5027}"
EndProject
Project("{FAE04EC0-301F-11D3-BF4B-00C04F79EFBC}") = "SliderDemo.WinPhone", "SliderDemo\SliderDemo.WinPhone\SliderDemo.WinPhone.csproj", "{12ADB297-0076-47FE-B82F-C17513842719}"
EndProject
Project("{FAE04EC0-301F-11D3-BF4B-00C04F79EFBC}") = "SliderDemo.Windows", "SliderDemo\SliderDemo.Windows\SliderDemo.Windows.csproj", "{EDCBCD8A-45FA-4866-AAE0-304D5150D706}"
EndProject
Global
	GlobalSection(SolutionConfigurationPlatforms) = preSolution
		Ad-Hoc|Any CPU = Ad-Hoc|Any CPU
		Ad-Hoc|ARM = Ad-Hoc|ARM
		Ad-Hoc|iPhone = Ad-Hoc|iPhone
		Ad-Hoc|iPhoneSimulator = Ad-Hoc|iPhoneSimulator
		Ad-Hoc|x64 = Ad-Hoc|x64
		Ad-Hoc|x86 = Ad-Hoc|x86
		AppStore|Any CPU = AppStore|Any CPU
		AppStore|ARM = AppStore|ARM
		AppStore|iPhone = AppStore|iPhone
		AppStore|iPhoneSimulator = AppStore|iPhoneSimulator
		AppStore|x64 = AppStore|x64
		AppStore|x86 = AppStore|x86
		Debug|Any CPU = Debug|Any CPU
		Debug|ARM = Debug|ARM
		Debug|iPhone = Debug|iPhone
		Debug|iPhoneSimulator = Debug|iPhoneSimulator
		Debug|x64 = Debug|x64
		Debug|x86 = Debug|x86
		Release|Any CPU = Release|Any CPU
		Release|ARM = Release|ARM
		Release|iPhone = Release|iPhone
		Release|iPhoneSimulator = Release|iPhoneSimulator
		Release|x64 = Release|x64
		Release|x86 = Release|x86
	EndGlobalSection
	GlobalSection(ProjectConfigurationPlatforms) = postSolution
		{08CC3055-E646-4C8D-8CB1-1649CCCB1D65}.Ad-Hoc|Any CPU.ActiveCfg = Release|Any CPU
		{08CC3055-E646-4C8D-8CB1-1649CCCB1D65}.Ad-Hoc|Any CPU.Build.0 = Release|Any CPU
		{08CC3055-E646-4C8D-8CB1-1649CCCB1D65}.Ad-Hoc|ARM.ActiveCfg = Release|Any CPU
		{08CC3055-E646-4C8D-8CB1-1649CCCB1D65}.Ad-Hoc|ARM.Build.0 = Release|Any CPU
		{08CC3055-E646-4C8D-8CB1-1649CCCB1D65}.Ad-Hoc|iPhone.ActiveCfg = Release|Any CPU
		{08CC3055-E646-4C8D-8CB1-1649CCCB1D65}.Ad-Hoc|iPhone.Build.0 = Release|Any CPU
		{08CC3055-E646-4C8D-8CB1-1649CCCB1D65}.Ad-Hoc|iPhoneSimulator.ActiveCfg = Release|Any CPU
		{08CC3055-E646-4C8D-8CB1-1649CCCB1D65}.Ad-Hoc|iPhoneSimulator.Build.0 = Release|Any CPU
		{08CC3055-E646-4C8D-8CB1-1649CCCB1D65}.Ad-Hoc|x64.ActiveCfg = Release|Any CPU
		{08CC3055-E646-4C8D-8CB1-1649CCCB1D65}.Ad-Hoc|x64.Build.0 = Release|Any CPU
		{08CC3055-E646-4C8D-8CB1-1649CCCB1D65}.Ad-Hoc|x86.ActiveCfg = Release|Any CPU
		{08CC3055-E646-4C8D-8CB1-1649CCCB1D65}.Ad-Hoc|x86.Build.0 = Release|Any CPU
		{08CC3055-E646-4C8D-8CB1-1649CCCB1D65}.AppStore|Any CPU.ActiveCfg = Release|Any CPU
		{08CC3055-E646-4C8D-8CB1-1649CCCB1D65}.AppStore|Any CPU.Build.0 = Release|Any CPU
		{08CC3055-E646-4C8D-8CB1-1649CCCB1D65}.AppStore|ARM.ActiveCfg = Release|Any CPU
		{08CC3055-E646-4C8D-8CB1-1649CCCB1D65}.AppStore|ARM.Build.0 = Release|Any CPU
		{08CC3055-E646-4C8D-8CB1-1649CCCB1D65}.AppStore|iPhone.ActiveCfg = Release|Any CPU
		{08CC3055-E646-4C8D-8CB1-1649CCCB1D65}.AppStore|iPhone.Build.0 = Release|Any CPU
		{08CC3055-E646-4C8D-8CB1-1649CCCB1D65}.AppStore|iPhoneSimulator.ActiveCfg = Release|Any CPU
		{08CC3055-E646-4C8D-8CB1-1649CCCB1D65}.AppStore|iPhoneSimulator.Build.0 = Release|Any CPU
		{08CC3055-E646-4C8D-8CB1-1649CCCB1D65}.AppStore|x64.ActiveCfg = Release|Any CPU
		{08CC3055-E646-4C8D-8CB1-1649CCCB1D65}.AppStore|x64.Build.0 = Release|Any CPU
		{08CC3055-E646-4C8D-8CB1-1649CCCB1D65}.AppStore|x86.ActiveCfg = Release|Any CPU
		{08CC3055-E646-4C8D-8CB1-1649CCCB1D65}.AppStore|x86.Build.0 = Release|Any CPU
		{08CC3055-E646-4C8D-8CB1-1649CCCB1D65}.Debug|Any CPU.ActiveCfg = Debug|Any CPU
		{08CC3055-E646-4C8D-8CB1-1649CCCB1D65}.Debug|Any CPU.Build.0 = Debug|Any CPU
		{08CC3055-E646-4C8D-8CB1-1649CCCB1D65}.Debug|ARM.ActiveCfg = Debug|Any CPU
		{08CC3055-E646-4C8D-8CB1-1649CCCB1D65}.Debug|ARM.Build.0 = Debug|Any CPU
		{08CC3055-E646-4C8D-8CB1-1649CCCB1D65}.Debug|iPhone.ActiveCfg = Debug|Any CPU
		{08CC3055-E646-4C8D-8CB1-1649CCCB1D65}.Debug|iPhone.Build.0 = Debug|Any CPU
		{08CC3055-E646-4C8D-8CB1-1649CCCB1D65}.Debug|iPhoneSimulator.ActiveCfg = Debug|Any CPU
		{08CC3055-E646-4C8D-8CB1-1649CCCB1D65}.Debug|iPhoneSimulator.Build.0 = Debug|Any CPU
		{08CC3055-E646-4C8D-8CB1-1649CCCB1D65}.Debug|x64.ActiveCfg = Debug|Any CPU
		{08CC3055-E646-4C8D-8CB1-1649CCCB1D65}.Debug|x64.Build.0 = Debug|Any CPU
		{08CC3055-E646-4C8D-8CB1-1649CCCB1D65}.Debug|x86.ActiveCfg = Debug|Any CPU
		{08CC3055-E646-4C8D-8CB1-1649CCCB1D65}.Debug|x86.Build.0 = Debug|Any CPU
		{08CC3055-E646-4C8D-8CB1-1649CCCB1D65}.Release|Any CPU.ActiveCfg = Release|Any CPU
		{08CC3055-E646-4C8D-8CB1-1649CCCB1D65}.Release|Any CPU.Build.0 = Release|Any CPU
		{08CC3055-E646-4C8D-8CB1-1649CCCB1D65}.Release|ARM.ActiveCfg = Release|Any CPU
		{08CC3055-E646-4C8D-8CB1-1649CCCB1D65}.Release|ARM.Build.0 = Release|Any CPU
		{08CC3055-E646-4C8D-8CB1-1649CCCB1D65}.Release|iPhone.ActiveCfg = Release|Any CPU
		{08CC3055-E646-4C8D-8CB1-1649CCCB1D65}.Release|iPhone.Build.0 = Release|Any CPU
		{08CC3055-E646-4C8D-8CB1-1649CCCB1D65}.Release|iPhoneSimulator.ActiveCfg = Release|Any CPU
		{08CC3055-E646-4C8D-8CB1-1649CCCB1D65}.Release|iPhoneSimulator.Build.0 = Release|Any CPU
		{08CC3055-E646-4C8D-8CB1-1649CCCB1D65}.Release|x64.ActiveCfg = Release|Any CPU
		{08CC3055-E646-4C8D-8CB1-1649CCCB1D65}.Release|x64.Build.0 = Release|Any CPU
		{08CC3055-E646-4C8D-8CB1-1649CCCB1D65}.Release|x86.ActiveCfg = Release|Any CPU
		{08CC3055-E646-4C8D-8CB1-1649CCCB1D65}.Release|x86.Build.0 = Release|Any CPU
		{75CD7A82-1575-46AA-91BE-2D4B781F24AE}.Ad-Hoc|Any CPU.ActiveCfg = Release|Any CPU
		{75CD7A82-1575-46AA-91BE-2D4B781F24AE}.Ad-Hoc|Any CPU.Build.0 = Release|Any CPU
		{75CD7A82-1575-46AA-91BE-2D4B781F24AE}.Ad-Hoc|Any CPU.Deploy.0 = Release|Any CPU
		{75CD7A82-1575-46AA-91BE-2D4B781F24AE}.Ad-Hoc|ARM.ActiveCfg = Release|Any CPU
		{75CD7A82-1575-46AA-91BE-2D4B781F24AE}.Ad-Hoc|ARM.Build.0 = Release|Any CPU
		{75CD7A82-1575-46AA-91BE-2D4B781F24AE}.Ad-Hoc|ARM.Deploy.0 = Release|Any CPU
		{75CD7A82-1575-46AA-91BE-2D4B781F24AE}.Ad-Hoc|iPhone.ActiveCfg = Release|Any CPU
		{75CD7A82-1575-46AA-91BE-2D4B781F24AE}.Ad-Hoc|iPhone.Build.0 = Release|Any CPU
		{75CD7A82-1575-46AA-91BE-2D4B781F24AE}.Ad-Hoc|iPhone.Deploy.0 = Release|Any CPU
		{75CD7A82-1575-46AA-91BE-2D4B781F24AE}.Ad-Hoc|iPhoneSimulator.ActiveCfg = Release|Any CPU
		{75CD7A82-1575-46AA-91BE-2D4B781F24AE}.Ad-Hoc|iPhoneSimulator.Build.0 = Release|Any CPU
		{75CD7A82-1575-46AA-91BE-2D4B781F24AE}.Ad-Hoc|iPhoneSimulator.Deploy.0 = Release|Any CPU
		{75CD7A82-1575-46AA-91BE-2D4B781F24AE}.Ad-Hoc|x64.ActiveCfg = Release|Any CPU
		{75CD7A82-1575-46AA-91BE-2D4B781F24AE}.Ad-Hoc|x64.Build.0 = Release|Any CPU
		{75CD7A82-1575-46AA-91BE-2D4B781F24AE}.Ad-Hoc|x64.Deploy.0 = Release|Any CPU
		{75CD7A82-1575-46AA-91BE-2D4B781F24AE}.Ad-Hoc|x86.ActiveCfg = Release|Any CPU
		{75CD7A82-1575-46AA-91BE-2D4B781F24AE}.Ad-Hoc|x86.Build.0 = Release|Any CPU
		{75CD7A82-1575-46AA-91BE-2D4B781F24AE}.Ad-Hoc|x86.Deploy.0 = Release|Any CPU
		{75CD7A82-1575-46AA-91BE-2D4B781F24AE}.AppStore|Any CPU.ActiveCfg = Release|Any CPU
		{75CD7A82-1575-46AA-91BE-2D4B781F24AE}.AppStore|Any CPU.Build.0 = Release|Any CPU
		{75CD7A82-1575-46AA-91BE-2D4B781F24AE}.AppStore|Any CPU.Deploy.0 = Release|Any CPU
		{75CD7A82-1575-46AA-91BE-2D4B781F24AE}.AppStore|ARM.ActiveCfg = Release|Any CPU
		{75CD7A82-1575-46AA-91BE-2D4B781F24AE}.AppStore|ARM.Build.0 = Release|Any CPU
		{75CD7A82-1575-46AA-91BE-2D4B781F24AE}.AppStore|ARM.Deploy.0 = Release|Any CPU
		{75CD7A82-1575-46AA-91BE-2D4B781F24AE}.AppStore|iPhone.ActiveCfg = Release|Any CPU
		{75CD7A82-1575-46AA-91BE-2D4B781F24AE}.AppStore|iPhone.Build.0 = Release|Any CPU
		{75CD7A82-1575-46AA-91BE-2D4B781F24AE}.AppStore|iPhone.Deploy.0 = Release|Any CPU
		{75CD7A82-1575-46AA-91BE-2D4B781F24AE}.AppStore|iPhoneSimulator.ActiveCfg = Release|Any CPU
		{75CD7A82-1575-46AA-91BE-2D4B781F24AE}.AppStore|iPhoneSimulator.Build.0 = Release|Any CPU
		{75CD7A82-1575-46AA-91BE-2D4B781F24AE}.AppStore|iPhoneSimulator.Deploy.0 = Release|Any CPU
		{75CD7A82-1575-46AA-91BE-2D4B781F24AE}.AppStore|x64.ActiveCfg = Release|Any CPU
		{75CD7A82-1575-46AA-91BE-2D4B781F24AE}.AppStore|x64.Build.0 = Release|Any CPU
		{75CD7A82-1575-46AA-91BE-2D4B781F24AE}.AppStore|x64.Deploy.0 = Release|Any CPU
		{75CD7A82-1575-46AA-91BE-2D4B781F24AE}.AppStore|x86.ActiveCfg = Release|Any CPU
		{75CD7A82-1575-46AA-91BE-2D4B781F24AE}.AppStore|x86.Build.0 = Release|Any CPU
		{75CD7A82-1575-46AA-91BE-2D4B781F24AE}.AppStore|x86.Deploy.0 = Release|Any CPU
		{75CD7A82-1575-46AA-91BE-2D4B781F24AE}.Debug|Any CPU.ActiveCfg = Debug|Any CPU
		{75CD7A82-1575-46AA-91BE-2D4B781F24AE}.Debug|Any CPU.Build.0 = Debug|Any CPU
		{75CD7A82-1575-46AA-91BE-2D4B781F24AE}.Debug|Any CPU.Deploy.0 = Debug|Any CPU
		{75CD7A82-1575-46AA-91BE-2D4B781F24AE}.Debug|ARM.ActiveCfg = Debug|Any CPU
		{75CD7A82-1575-46AA-91BE-2D4B781F24AE}.Debug|ARM.Build.0 = Debug|Any CPU
		{75CD7A82-1575-46AA-91BE-2D4B781F24AE}.Debug|ARM.Deploy.0 = Debug|Any CPU
		{75CD7A82-1575-46AA-91BE-2D4B781F24AE}.Debug|iPhone.ActiveCfg = Debug|Any CPU
		{75CD7A82-1575-46AA-91BE-2D4B781F24AE}.Debug|iPhone.Build.0 = Debug|Any CPU
		{75CD7A82-1575-46AA-91BE-2D4B781F24AE}.Debug|iPhone.Deploy.0 = Debug|Any CPU
		{75CD7A82-1575-46AA-91BE-2D4B781F24AE}.Debug|iPhoneSimulator.ActiveCfg = Debug|Any CPU
		{75CD7A82-1575-46AA-91BE-2D4B781F24AE}.Debug|iPhoneSimulator.Build.0 = Debug|Any CPU
		{75CD7A82-1575-46AA-91BE-2D4B781F24AE}.Debug|iPhoneSimulator.Deploy.0 = Debug|Any CPU
		{75CD7A82-1575-46AA-91BE-2D4B781F24AE}.Debug|x64.ActiveCfg = Debug|Any CPU
		{75CD7A82-1575-46AA-91BE-2D4B781F24AE}.Debug|x64.Build.0 = Debug|Any CPU
		{75CD7A82-1575-46AA-91BE-2D4B781F24AE}.Debug|x64.Deploy.0 = Debug|Any CPU
		{75CD7A82-1575-46AA-91BE-2D4B781F24AE}.Debug|x86.ActiveCfg = Debug|Any CPU
		{75CD7A82-1575-46AA-91BE-2D4B781F24AE}.Debug|x86.Build.0 = Debug|Any CPU
		{75CD7A82-1575-46AA-91BE-2D4B781F24AE}.Debug|x86.Deploy.0 = Debug|Any CPU
		{75CD7A82-1575-46AA-91BE-2D4B781F24AE}.Release|Any CPU.ActiveCfg = Release|Any CPU
		{75CD7A82-1575-46AA-91BE-2D4B781F24AE}.Release|Any CPU.Build.0 = Release|Any CPU
		{75CD7A82-1575-46AA-91BE-2D4B781F24AE}.Release|Any CPU.Deploy.0 = Release|Any CPU
		{75CD7A82-1575-46AA-91BE-2D4B781F24AE}.Release|ARM.ActiveCfg = Release|Any CPU
		{75CD7A82-1575-46AA-91BE-2D4B781F24AE}.Release|ARM.Build.0 = Release|Any CPU
		{75CD7A82-1575-46AA-91BE-2D4B781F24AE}.Release|ARM.Deploy.0 = Release|Any CPU
		{75CD7A82-1575-46AA-91BE-2D4B781F24AE}.Release|iPhone.ActiveCfg = Release|Any CPU
		{75CD7A82-1575-46AA-91BE-2D4B781F24AE}.Release|iPhone.Build.0 = Release|Any CPU
		{75CD7A82-1575-46AA-91BE-2D4B781F24AE}.Release|iPhone.Deploy.0 = Release|Any CPU
		{75CD7A82-1575-46AA-91BE-2D4B781F24AE}.Release|iPhoneSimulator.ActiveCfg = Release|Any CPU
		{75CD7A82-1575-46AA-91BE-2D4B781F24AE}.Release|iPhoneSimulator.Build.0 = Release|Any CPU
		{75CD7A82-1575-46AA-91BE-2D4B781F24AE}.Release|iPhoneSimulator.Deploy.0 = Release|Any CPU
		{75CD7A82-1575-46AA-91BE-2D4B781F24AE}.Release|x64.ActiveCfg = Release|Any CPU
		{75CD7A82-1575-46AA-91BE-2D4B781F24AE}.Release|x64.Build.0 = Release|Any CPU
		{75CD7A82-1575-46AA-91BE-2D4B781F24AE}.Release|x64.Deploy.0 = Release|Any CPU
		{75CD7A82-1575-46AA-91BE-2D4B781F24AE}.Release|x86.ActiveCfg = Release|Any CPU
		{75CD7A82-1575-46AA-91BE-2D4B781F24AE}.Release|x86.Build.0 = Release|Any CPU
		{75CD7A82-1575-46AA-91BE-2D4B781F24AE}.Release|x86.Deploy.0 = Release|Any CPU
		{97439C22-166D-4A24-ABB3-A459B5AD5027}.Ad-Hoc|Any CPU.ActiveCfg = Ad-Hoc|iPhone
		{97439C22-166D-4A24-ABB3-A459B5AD5027}.Ad-Hoc|ARM.ActiveCfg = Ad-Hoc|iPhone
		{97439C22-166D-4A24-ABB3-A459B5AD5027}.Ad-Hoc|iPhone.ActiveCfg = Ad-Hoc|iPhone
		{97439C22-166D-4A24-ABB3-A459B5AD5027}.Ad-Hoc|iPhone.Build.0 = Ad-Hoc|iPhone
		{97439C22-166D-4A24-ABB3-A459B5AD5027}.Ad-Hoc|iPhoneSimulator.ActiveCfg = Ad-Hoc|iPhoneSimulator
		{97439C22-166D-4A24-ABB3-A459B5AD5027}.Ad-Hoc|iPhoneSimulator.Build.0 = Ad-Hoc|iPhoneSimulator
		{97439C22-166D-4A24-ABB3-A459B5AD5027}.Ad-Hoc|x64.ActiveCfg = Ad-Hoc|iPhone
		{97439C22-166D-4A24-ABB3-A459B5AD5027}.Ad-Hoc|x86.ActiveCfg = Ad-Hoc|iPhone
		{97439C22-166D-4A24-ABB3-A459B5AD5027}.AppStore|Any CPU.ActiveCfg = AppStore|iPhone
		{97439C22-166D-4A24-ABB3-A459B5AD5027}.AppStore|ARM.ActiveCfg = AppStore|iPhone
		{97439C22-166D-4A24-ABB3-A459B5AD5027}.AppStore|iPhone.ActiveCfg = AppStore|iPhone
		{97439C22-166D-4A24-ABB3-A459B5AD5027}.AppStore|iPhone.Build.0 = AppStore|iPhone
		{97439C22-166D-4A24-ABB3-A459B5AD5027}.AppStore|iPhoneSimulator.ActiveCfg = AppStore|iPhoneSimulator
		{97439C22-166D-4A24-ABB3-A459B5AD5027}.AppStore|iPhoneSimulator.Build.0 = AppStore|iPhoneSimulator
		{97439C22-166D-4A24-ABB3-A459B5AD5027}.AppStore|x64.ActiveCfg = AppStore|iPhone
		{97439C22-166D-4A24-ABB3-A459B5AD5027}.AppStore|x86.ActiveCfg = AppStore|iPhone
		{97439C22-166D-4A24-ABB3-A459B5AD5027}.Debug|Any CPU.ActiveCfg = Debug|iPhone
		{97439C22-166D-4A24-ABB3-A459B5AD5027}.Debug|ARM.ActiveCfg = Debug|iPhone
		{97439C22-166D-4A24-ABB3-A459B5AD5027}.Debug|iPhone.ActiveCfg = Debug|iPhone
		{97439C22-166D-4A24-ABB3-A459B5AD5027}.Debug|iPhone.Build.0 = Debug|iPhone
		{97439C22-166D-4A24-ABB3-A459B5AD5027}.Debug|iPhoneSimulator.ActiveCfg = Debug|iPhoneSimulator
		{97439C22-166D-4A24-ABB3-A459B5AD5027}.Debug|iPhoneSimulator.Build.0 = Debug|iPhoneSimulator
		{97439C22-166D-4A24-ABB3-A459B5AD5027}.Debug|x64.ActiveCfg = Debug|iPhone
		{97439C22-166D-4A24-ABB3-A459B5AD5027}.Debug|x86.ActiveCfg = Debug|iPhone
		{97439C22-166D-4A24-ABB3-A459B5AD5027}.Release|Any CPU.ActiveCfg = Release|iPhone
		{97439C22-166D-4A24-ABB3-A459B5AD5027}.Release|ARM.ActiveCfg = Release|iPhone
		{97439C22-166D-4A24-ABB3-A459B5AD5027}.Release|iPhone.ActiveCfg = Release|iPhone
		{97439C22-166D-4A24-ABB3-A459B5AD5027}.Release|iPhone.Build.0 = Release|iPhone
		{97439C22-166D-4A24-ABB3-A459B5AD5027}.Release|iPhoneSimulator.ActiveCfg = Release|iPhoneSimulator
		{97439C22-166D-4A24-ABB3-A459B5AD5027}.Release|iPhoneSimulator.Build.0 = Release|iPhoneSimulator
		{97439C22-166D-4A24-ABB3-A459B5AD5027}.Release|x64.ActiveCfg = Release|iPhone
		{97439C22-166D-4A24-ABB3-A459B5AD5027}.Release|x86.ActiveCfg = Release|iPhone
		{12ADB297-0076-47FE-B82F-C17513842719}.Ad-Hoc|Any CPU.ActiveCfg = Release|Any CPU
		{12ADB297-0076-47FE-B82F-C17513842719}.Ad-Hoc|Any CPU.Build.0 = Release|Any CPU
		{12ADB297-0076-47FE-B82F-C17513842719}.Ad-Hoc|Any CPU.Deploy.0 = Release|Any CPU
		{12ADB297-0076-47FE-B82F-C17513842719}.Ad-Hoc|ARM.ActiveCfg = Release|ARM
		{12ADB297-0076-47FE-B82F-C17513842719}.Ad-Hoc|ARM.Build.0 = Release|ARM
		{12ADB297-0076-47FE-B82F-C17513842719}.Ad-Hoc|ARM.Deploy.0 = Release|ARM
		{12ADB297-0076-47FE-B82F-C17513842719}.Ad-Hoc|iPhone.ActiveCfg = Release|Any CPU
		{12ADB297-0076-47FE-B82F-C17513842719}.Ad-Hoc|iPhone.Build.0 = Release|Any CPU
		{12ADB297-0076-47FE-B82F-C17513842719}.Ad-Hoc|iPhone.Deploy.0 = Release|Any CPU
		{12ADB297-0076-47FE-B82F-C17513842719}.Ad-Hoc|iPhoneSimulator.ActiveCfg = Release|Any CPU
		{12ADB297-0076-47FE-B82F-C17513842719}.Ad-Hoc|iPhoneSimulator.Build.0 = Release|Any CPU
		{12ADB297-0076-47FE-B82F-C17513842719}.Ad-Hoc|iPhoneSimulator.Deploy.0 = Release|Any CPU
		{12ADB297-0076-47FE-B82F-C17513842719}.Ad-Hoc|x64.ActiveCfg = Release|Any CPU
		{12ADB297-0076-47FE-B82F-C17513842719}.Ad-Hoc|x64.Build.0 = Release|Any CPU
		{12ADB297-0076-47FE-B82F-C17513842719}.Ad-Hoc|x64.Deploy.0 = Release|Any CPU
		{12ADB297-0076-47FE-B82F-C17513842719}.Ad-Hoc|x86.ActiveCfg = Release|x86
		{12ADB297-0076-47FE-B82F-C17513842719}.Ad-Hoc|x86.Build.0 = Release|x86
		{12ADB297-0076-47FE-B82F-C17513842719}.Ad-Hoc|x86.Deploy.0 = Release|x86
		{12ADB297-0076-47FE-B82F-C17513842719}.AppStore|Any CPU.ActiveCfg = Release|Any CPU
		{12ADB297-0076-47FE-B82F-C17513842719}.AppStore|Any CPU.Build.0 = Release|Any CPU
		{12ADB297-0076-47FE-B82F-C17513842719}.AppStore|Any CPU.Deploy.0 = Release|Any CPU
		{12ADB297-0076-47FE-B82F-C17513842719}.AppStore|ARM.ActiveCfg = Release|ARM
		{12ADB297-0076-47FE-B82F-C17513842719}.AppStore|ARM.Build.0 = Release|ARM
		{12ADB297-0076-47FE-B82F-C17513842719}.AppStore|ARM.Deploy.0 = Release|ARM
		{12ADB297-0076-47FE-B82F-C17513842719}.AppStore|iPhone.ActiveCfg = Release|Any CPU
		{12ADB297-0076-47FE-B82F-C17513842719}.AppStore|iPhone.Build.0 = Release|Any CPU
		{12ADB297-0076-47FE-B82F-C17513842719}.AppStore|iPhone.Deploy.0 = Release|Any CPU
		{12ADB297-0076-47FE-B82F-C17513842719}.AppStore|iPhoneSimulator.ActiveCfg = Release|Any CPU
		{12ADB297-0076-47FE-B82F-C17513842719}.AppStore|iPhoneSimulator.Build.0 = Release|Any CPU
		{12ADB297-0076-47FE-B82F-C17513842719}.AppStore|iPhoneSimulator.Deploy.0 = Release|Any CPU
		{12ADB297-0076-47FE-B82F-C17513842719}.AppStore|x64.ActiveCfg = Release|Any CPU
		{12ADB297-0076-47FE-B82F-C17513842719}.AppStore|x64.Build.0 = Release|Any CPU
		{12ADB297-0076-47FE-B82F-C17513842719}.AppStore|x64.Deploy.0 = Release|Any CPU
		{12ADB297-0076-47FE-B82F-C17513842719}.AppStore|x86.ActiveCfg = Release|x86
		{12ADB297-0076-47FE-B82F-C17513842719}.AppStore|x86.Build.0 = Release|x86
		{12ADB297-0076-47FE-B82F-C17513842719}.AppStore|x86.Deploy.0 = Release|x86
		{12ADB297-0076-47FE-B82F-C17513842719}.Debug|Any CPU.ActiveCfg = Debug|Any CPU
		{12ADB297-0076-47FE-B82F-C17513842719}.Debug|Any CPU.Build.0 = Debug|Any CPU
		{12ADB297-0076-47FE-B82F-C17513842719}.Debug|Any CPU.Deploy.0 = Debug|Any CPU
		{12ADB297-0076-47FE-B82F-C17513842719}.Debug|ARM.ActiveCfg = Debug|ARM
		{12ADB297-0076-47FE-B82F-C17513842719}.Debug|ARM.Build.0 = Debug|ARM
		{12ADB297-0076-47FE-B82F-C17513842719}.Debug|ARM.Deploy.0 = Debug|ARM
		{12ADB297-0076-47FE-B82F-C17513842719}.Debug|iPhone.ActiveCfg = Debug|Any CPU
		{12ADB297-0076-47FE-B82F-C17513842719}.Debug|iPhone.Build.0 = Debug|Any CPU
		{12ADB297-0076-47FE-B82F-C17513842719}.Debug|iPhone.Deploy.0 = Debug|Any CPU
		{12ADB297-0076-47FE-B82F-C17513842719}.Debug|iPhoneSimulator.ActiveCfg = Debug|Any CPU
		{12ADB297-0076-47FE-B82F-C17513842719}.Debug|iPhoneSimulator.Build.0 = Debug|Any CPU
		{12ADB297-0076-47FE-B82F-C17513842719}.Debug|iPhoneSimulator.Deploy.0 = Debug|Any CPU
		{12ADB297-0076-47FE-B82F-C17513842719}.Debug|x64.ActiveCfg = Debug|Any CPU
		{12ADB297-0076-47FE-B82F-C17513842719}.Debug|x64.Build.0 = Debug|Any CPU
		{12ADB297-0076-47FE-B82F-C17513842719}.Debug|x64.Deploy.0 = Debug|Any CPU
		{12ADB297-0076-47FE-B82F-C17513842719}.Debug|x86.ActiveCfg = Debug|x86
		{12ADB297-0076-47FE-B82F-C17513842719}.Debug|x86.Build.0 = Debug|x86
		{12ADB297-0076-47FE-B82F-C17513842719}.Debug|x86.Deploy.0 = Debug|x86
		{12ADB297-0076-47FE-B82F-C17513842719}.Release|Any CPU.ActiveCfg = Release|Any CPU
		{12ADB297-0076-47FE-B82F-C17513842719}.Release|Any CPU.Build.0 = Release|Any CPU
		{12ADB297-0076-47FE-B82F-C17513842719}.Release|Any CPU.Deploy.0 = Release|Any CPU
		{12ADB297-0076-47FE-B82F-C17513842719}.Release|ARM.ActiveCfg = Release|ARM
		{12ADB297-0076-47FE-B82F-C17513842719}.Release|ARM.Build.0 = Release|ARM
		{12ADB297-0076-47FE-B82F-C17513842719}.Release|ARM.Deploy.0 = Release|ARM
		{12ADB297-0076-47FE-B82F-C17513842719}.Release|iPhone.ActiveCfg = Release|Any CPU
		{12ADB297-0076-47FE-B82F-C17513842719}.Release|iPhone.Build.0 = Release|Any CPU
		{12ADB297-0076-47FE-B82F-C17513842719}.Release|iPhone.Deploy.0 = Release|Any CPU
		{12ADB297-0076-47FE-B82F-C17513842719}.Release|iPhoneSimulator.ActiveCfg = Release|Any CPU
		{12ADB297-0076-47FE-B82F-C17513842719}.Release|iPhoneSimulator.Build.0 = Release|Any CPU
		{12ADB297-0076-47FE-B82F-C17513842719}.Release|iPhoneSimulator.Deploy.0 = Release|Any CPU
		{12ADB297-0076-47FE-B82F-C17513842719}.Release|x64.ActiveCfg = Release|Any CPU
		{12ADB297-0076-47FE-B82F-C17513842719}.Release|x64.Build.0 = Release|Any CPU
		{12ADB297-0076-47FE-B82F-C17513842719}.Release|x64.Deploy.0 = Release|Any CPU
		{12ADB297-0076-47FE-B82F-C17513842719}.Release|x86.ActiveCfg = Release|x86
		{12ADB297-0076-47FE-B82F-C17513842719}.Release|x86.Build.0 = Release|x86
		{12ADB297-0076-47FE-B82F-C17513842719}.Release|x86.Deploy.0 = Release|x86
		{EDCBCD8A-45FA-4866-AAE0-304D5150D706}.Ad-Hoc|Any CPU.ActiveCfg = Release|Any CPU
		{EDCBCD8A-45FA-4866-AAE0-304D5150D706}.Ad-Hoc|Any CPU.Build.0 = Release|Any CPU
		{EDCBCD8A-45FA-4866-AAE0-304D5150D706}.Ad-Hoc|Any CPU.Deploy.0 = Release|Any CPU
		{EDCBCD8A-45FA-4866-AAE0-304D5150D706}.Ad-Hoc|ARM.ActiveCfg = Release|ARM
		{EDCBCD8A-45FA-4866-AAE0-304D5150D706}.Ad-Hoc|ARM.Build.0 = Release|ARM
		{EDCBCD8A-45FA-4866-AAE0-304D5150D706}.Ad-Hoc|ARM.Deploy.0 = Release|ARM
		{EDCBCD8A-45FA-4866-AAE0-304D5150D706}.Ad-Hoc|iPhone.ActiveCfg = Release|Any CPU
		{EDCBCD8A-45FA-4866-AAE0-304D5150D706}.Ad-Hoc|iPhone.Build.0 = Release|Any CPU
		{EDCBCD8A-45FA-4866-AAE0-304D5150D706}.Ad-Hoc|iPhone.Deploy.0 = Release|Any CPU
		{EDCBCD8A-45FA-4866-AAE0-304D5150D706}.Ad-Hoc|iPhoneSimulator.ActiveCfg = Release|Any CPU
		{EDCBCD8A-45FA-4866-AAE0-304D5150D706}.Ad-Hoc|iPhoneSimulator.Build.0 = Release|Any CPU
		{EDCBCD8A-45FA-4866-AAE0-304D5150D706}.Ad-Hoc|iPhoneSimulator.Deploy.0 = Release|Any CPU
		{EDCBCD8A-45FA-4866-AAE0-304D5150D706}.Ad-Hoc|x64.ActiveCfg = Release|x64
		{EDCBCD8A-45FA-4866-AAE0-304D5150D706}.Ad-Hoc|x64.Build.0 = Release|x64
		{EDCBCD8A-45FA-4866-AAE0-304D5150D706}.Ad-Hoc|x64.Deploy.0 = Release|x64
		{EDCBCD8A-45FA-4866-AAE0-304D5150D706}.Ad-Hoc|x86.ActiveCfg = Release|x86
		{EDCBCD8A-45FA-4866-AAE0-304D5150D706}.Ad-Hoc|x86.Build.0 = Release|x86
		{EDCBCD8A-45FA-4866-AAE0-304D5150D706}.Ad-Hoc|x86.Deploy.0 = Release|x86
		{EDCBCD8A-45FA-4866-AAE0-304D5150D706}.AppStore|Any CPU.ActiveCfg = Release|Any CPU
		{EDCBCD8A-45FA-4866-AAE0-304D5150D706}.AppStore|Any CPU.Build.0 = Release|Any CPU
		{EDCBCD8A-45FA-4866-AAE0-304D5150D706}.AppStore|Any CPU.Deploy.0 = Release|Any CPU
		{EDCBCD8A-45FA-4866-AAE0-304D5150D706}.AppStore|ARM.ActiveCfg = Release|ARM
		{EDCBCD8A-45FA-4866-AAE0-304D5150D706}.AppStore|ARM.Build.0 = Release|ARM
		{EDCBCD8A-45FA-4866-AAE0-304D5150D706}.AppStore|ARM.Deploy.0 = Release|ARM
		{EDCBCD8A-45FA-4866-AAE0-304D5150D706}.AppStore|iPhone.ActiveCfg = Release|Any CPU
		{EDCBCD8A-45FA-4866-AAE0-304D5150D706}.AppStore|iPhone.Build.0 = Release|Any CPU
		{EDCBCD8A-45FA-4866-AAE0-304D5150D706}.AppStore|iPhone.Deploy.0 = Release|Any CPU
		{EDCBCD8A-45FA-4866-AAE0-304D5150D706}.AppStore|iPhoneSimulator.ActiveCfg = Release|Any CPU
		{EDCBCD8A-45FA-4866-AAE0-304D5150D706}.AppStore|iPhoneSimulator.Build.0 = Release|Any CPU
		{EDCBCD8A-45FA-4866-AAE0-304D5150D706}.AppStore|iPhoneSimulator.Deploy.0 = Release|Any CPU
		{EDCBCD8A-45FA-4866-AAE0-304D5150D706}.AppStore|x64.ActiveCfg = Release|x64
		{EDCBCD8A-45FA-4866-AAE0-304D5150D706}.AppStore|x64.Build.0 = Release|x64
		{EDCBCD8A-45FA-4866-AAE0-304D5150D706}.AppStore|x64.Deploy.0 = Release|x64
		{EDCBCD8A-45FA-4866-AAE0-304D5150D706}.AppStore|x86.ActiveCfg = Release|x86
		{EDCBCD8A-45FA-4866-AAE0-304D5150D706}.AppStore|x86.Build.0 = Release|x86
		{EDCBCD8A-45FA-4866-AAE0-304D5150D706}.AppStore|x86.Deploy.0 = Release|x86
		{EDCBCD8A-45FA-4866-AAE0-304D5150D706}.Debug|Any CPU.ActiveCfg = Debug|Any CPU
		{EDCBCD8A-45FA-4866-AAE0-304D5150D706}.Debug|Any CPU.Build.0 = Debug|Any CPU
		{EDCBCD8A-45FA-4866-AAE0-304D5150D706}.Debug|Any CPU.Deploy.0 = Debug|Any CPU
		{EDCBCD8A-45FA-4866-AAE0-304D5150D706}.Debug|ARM.ActiveCfg = Debug|ARM
		{EDCBCD8A-45FA-4866-AAE0-304D5150D706}.Debug|ARM.Build.0 = Debug|ARM
		{EDCBCD8A-45FA-4866-AAE0-304D5150D706}.Debug|ARM.Deploy.0 = Debug|ARM
		{EDCBCD8A-45FA-4866-AAE0-304D5150D706}.Debug|iPhone.ActiveCfg = Debug|Any CPU
		{EDCBCD8A-45FA-4866-AAE0-304D5150D706}.Debug|iPhone.Build.0 = Debug|Any CPU
		{EDCBCD8A-45FA-4866-AAE0-304D5150D706}.Debug|iPhone.Deploy.0 = Debug|Any CPU
		{EDCBCD8A-45FA-4866-AAE0-304D5150D706}.Debug|iPhoneSimulator.ActiveCfg = Debug|Any CPU
		{EDCBCD8A-45FA-4866-AAE0-304D5150D706}.Debug|iPhoneSimulator.Build.0 = Debug|Any CPU
		{EDCBCD8A-45FA-4866-AAE0-304D5150D706}.Debug|iPhoneSimulator.Deploy.0 = Debug|Any CPU
		{EDCBCD8A-45FA-4866-AAE0-304D5150D706}.Debug|x64.ActiveCfg = Debug|x64
		{EDCBCD8A-45FA-4866-AAE0-304D5150D706}.Debug|x64.Build.0 = Debug|x64
		{EDCBCD8A-45FA-4866-AAE0-304D5150D706}.Debug|x64.Deploy.0 = Debug|x64
		{EDCBCD8A-45FA-4866-AAE0-304D5150D706}.Debug|x86.ActiveCfg = Debug|x86
		{EDCBCD8A-45FA-4866-AAE0-304D5150D706}.Debug|x86.Build.0 = Debug|x86
		{EDCBCD8A-45FA-4866-AAE0-304D5150D706}.Debug|x86.Deploy.0 = Debug|x86
		{EDCBCD8A-45FA-4866-AAE0-304D5150D706}.Release|Any CPU.ActiveCfg = Release|Any CPU
		{EDCBCD8A-45FA-4866-AAE0-304D5150D706}.Release|Any CPU.Build.0 = Release|Any CPU
		{EDCBCD8A-45FA-4866-AAE0-304D5150D706}.Release|Any CPU.Deploy.0 = Release|Any CPU
		{EDCBCD8A-45FA-4866-AAE0-304D5150D706}.Release|ARM.ActiveCfg = Release|ARM
		{EDCBCD8A-45FA-4866-AAE0-304D5150D706}.Release|ARM.Build.0 = Release|ARM
		{EDCBCD8A-45FA-4866-AAE0-304D5150D706}.Release|ARM.Deploy.0 = Release|ARM
		{EDCBCD8A-45FA-4866-AAE0-304D5150D706}.Release|iPhone.ActiveCfg = Release|Any CPU
		{EDCBCD8A-45FA-4866-AAE0-304D5150D706}.Release|iPhone.Build.0 = Release|Any CPU
		{EDCBCD8A-45FA-4866-AAE0-304D5150D706}.Release|iPhone.Deploy.0 = Release|Any CPU
		{EDCBCD8A-45FA-4866-AAE0-304D5150D706}.Release|iPhoneSimulator.ActiveCfg = Release|Any CPU
		{EDCBCD8A-45FA-4866-AAE0-304D5150D706}.Release|iPhoneSimulator.Build.0 = Release|Any CPU
		{EDCBCD8A-45FA-4866-AAE0-304D5150D706}.Release|iPhoneSimulator.Deploy.0 = Release|Any CPU
		{EDCBCD8A-45FA-4866-AAE0-304D5150D706}.Release|x64.ActiveCfg = Release|x64
		{EDCBCD8A-45FA-4866-AAE0-304D5150D706}.Release|x64.Build.0 = Release|x64
		{EDCBCD8A-45FA-4866-AAE0-304D5150D706}.Release|x64.Deploy.0 = Release|x64
		{EDCBCD8A-45FA-4866-AAE0-304D5150D706}.Release|x86.ActiveCfg = Release|x86
		{EDCBCD8A-45FA-4866-AAE0-304D5150D706}.Release|x86.Build.0 = Release|x86
		{EDCBCD8A-45FA-4866-AAE0-304D5150D706}.Release|x86.Deploy.0 = Release|x86
	EndGlobalSection
	GlobalSection(SolutionProperties) = preSolution
		HideSolutionNode = FALSE
	EndGlobalSection
EndGlobal
